{
  "name": "mvr-test-move",
  "version": "1.0.0",
  "lockfileVersion": 3,
  "requires": true,
  "packages": {
    "": {
      "name": "mvr-test-move",
      "version": "1.0.0",
      "license": "ISC",
      "dependencies": {
        "@mysten/prettier-plugin-move": "^0.3.1",
        "web-tree-sitter": "^0.25.6"
      }
    },
    "node_modules/@mysten/prettier-plugin-move": {
      "version": "0.3.1",
      "resolved": "https://registry.npmjs.org/@mysten/prettier-plugin-move/-/prettier-plugin-move-0.3.1.tgz",
      "integrity": "sha512-Xv3TQ1bG29R8WKLIhBM6Yl4Vyatxap1FmyVE+4RoULtLOQ79e2Xe2r1Fr/mqhU4eUBTLX/Mx07e+CByZSP1SXQ==",
      "license": "Apache-2.0",
      "dependencies": {
        "prettier": "^3.3.2",
        "web-tree-sitter": "^0.20.8"
      },
      "bin": {
        "prettier-move": "bin/prettier-move.js"
      }
    },
    "node_modules/@mysten/prettier-plugin-move/node_modules/web-tree-sitter": {
      "version": "0.20.8",
      "resolved": "https://registry.npmjs.org/web-tree-sitter/-/web-tree-sitter-0.20.8.tgz",
      "integrity": "sha512-weOVgZ3aAARgdnb220GqYuh7+rZU0Ka9k9yfKtGAzEYMa6GgiCzW9JjQRJyCJakvibQW+dfjJdihjInKuuCAUQ==",
      "license": "MIT"
    },
    "node_modules/prettier": {
      "version": "3.6.2",
      "resolved": "https://registry.npmjs.org/prettier/-/prettier-3.6.2.tgz",
      "integrity": "sha512-I7AIg5boAr5R0FFtJ6rCfD+LFsWHp81dolrFD8S79U9tb8Az2nGrJncnMSnys+bpQJfRUzqs9hnA81OAA3hCuQ==",
      "license": "MIT",
      "bin": {
        "prettier": "bin/prettier.cjs"
      },
      "engines": {
        "node": ">=14"
      },
      "funding": {
        "url": "https://github.com/prettier/prettier?sponsor=1"
      }
    },
    "node_modules/web-tree-sitter": {
      "version": "0.25.6",
      "resolved": "https://registry.npmjs.org/web-tree-sitter/-/web-tree-sitter-0.25.6.tgz",
      "integrity": "sha512-WG+/YGbxw8r+rLlzzhV+OvgiOJCWdIpOucG3qBf3RCBFMkGDb1CanUi2BxCxjnkpzU3/hLWPT8VO5EKsMk9Fxg==",
      "license": "MIT"
    }
  }
}
